
Microsoft Visual Studio Solution File, Format Version 12.00
# Visual Studio Version 17
VisualStudioVersion = 17.0.32112.339
MinimumVisualStudioVersion = 10.0.40219.1
Project("{9A19103F-16F7-4668-BE54-9A1E7A4F7556}") = "blazor-client", "blazor-client\blazor-client.csproj", "{9583BA7E-EF4E-447B-9CA6-5DA528FB498F}"
EndProject
Global
	GlobalSection(SolutionConfigurationPlatforms) = preSolution
		Debug|Any CPU = Debug|Any CPU
		Release|Any CPU = Release|Any CPU
	EndGlobalSection
	GlobalSection(ProjectConfigurationPlatforms) = postSolution
		{9583BA7E-EF4E-447B-9CA6-5DA528FB498F}.Debug|Any CPU.ActiveCfg = Debug|Any CPU
		{9583BA7E-EF4E-447B-9CA6-5DA528FB498F}.Debug|Any CPU.Build.0 = Debug|Any CPU
		{9583BA7E-EF4E-447B-9CA6-5DA528FB498F}.Release|Any CPU.ActiveCfg = Release|Any CPU
		{9583BA7E-EF4E-447B-9CA6-5DA528FB498F}.Release|Any CPU.Build.0 = Release|Any CPU
	EndGlobalSection
	GlobalSection(SolutionProperties) = preSolution
		HideSolutionNode = FALSE
	EndGlobalSection
	GlobalSection(ExtensibilityGlobals) = postSolution
		SolutionGuid = {0FDAD568-B3D3-4FD1-8989-12AAA4F298AD}
	EndGlobalSection
EndGlobal
